{
  "name": "webjjonku",
  "version": "1.0.0",
  "lockfileVersion": 3,
  "requires": true,
  "packages": {
    "": {
      "name": "webjjonku",
      "version": "1.0.0",
      "dependencies": {
        "@starlove7/spacedock": "0.1.6"
      }
    },
    "node_modules/@starlove7/spacedock": {
      "version": "0.1.6",
      "resolved": "https://registry.npmjs.org/@starlove7/spacedock/-/spacedock-0.1.6.tgz",
      "integrity": "sha512-Ird3BsmWz7zK8nGRIq2n5VoAM3fHcHK/NeHbtC0BP5N8X33R7fCei5/9UTFCTM+NVodipoiyu9thY7WHF32BUw==",
      "bin": {
        "spacedock": "npm/bin/spacedock.js"
      },
      "engines": {
        "node": ">=18"
      }
    }
  }
}
